
Microsoft Visual Studio Solution File, Format Version 12.00
# Visual Studio Version 17
VisualStudioVersion = 17.11.35219.272
MinimumVisualStudioVersion = 10.0.40219.1
Project("{8BC9CEB8-8B4A-11D0-8D11-00A0C91BC942}") = "LV02", "LV02.vcxproj", "{94FF24AD-A596-46A7-BFDC-6ED7A801ABAE}"
EndProject
Global
	GlobalSection(SolutionConfigurationPlatforms) = preSolution
		Debug|x64 = Debug|x64
		Debug|x86 = Debug|x86
		Release|x64 = Release|x64
		Release|x86 = Release|x86
	EndGlobalSection
	GlobalSection(ProjectConfigurationPlatforms) = postSolution
		{94FF24AD-A596-46A7-BFDC-6ED7A801ABAE}.Debug|x64.ActiveCfg = Debug|x64
		{94FF24AD-A596-46A7-BFDC-6ED7A801ABAE}.Debug|x64.Build.0 = Debug|x64
		{94FF24AD-A596-46A7-BFDC-6ED7A801ABAE}.Debug|x86.ActiveCfg = Debug|Win32
		{94FF24AD-A596-46A7-BFDC-6ED7A801ABAE}.Debug|x86.Build.0 = Debug|Win32
		{94FF24AD-A596-46A7-BFDC-6ED7A801ABAE}.Release|x64.ActiveCfg = Release|x64
		{94FF24AD-A596-46A7-BFDC-6ED7A801ABAE}.Release|x64.Build.0 = Release|x64
		{94FF24AD-A596-46A7-BFDC-6ED7A801ABAE}.Release|x86.ActiveCfg = Release|Win32
		{94FF24AD-A596-46A7-BFDC-6ED7A801ABAE}.Release|x86.Build.0 = Release|Win32
	EndGlobalSection
	GlobalSection(SolutionProperties) = preSolution
		HideSolutionNode = FALSE
	EndGlobalSection
	GlobalSection(ExtensibilityGlobals) = postSolution
		SolutionGuid = {6C7FA25F-188F-429E-BD9F-FC9E53AE8812}
	EndGlobalSection
EndGlobal
